
Microsoft Visual Studio Solution File, Format Version 12.00
# Visual Studio Version 17
VisualStudioVersion = 17.7.34202.233
MinimumVisualStudioVersion = 10.0.40219.1
Project("{FAE04EC0-301F-11D3-BF4B-00C04F79EFBC}") = "CafeSiparisProgram", "CafeSiparisProgram\CafeSiparisProgram.csproj", "{76C59BDC-936D-409E-A102-BDFE28E16AD8}"
EndProject
Global
	GlobalSection(SolutionConfigurationPlatforms) = preSolution
		Debug|Any CPU = Debug|Any CPU
		Release|Any CPU = Release|Any CPU
	EndGlobalSection
	GlobalSection(ProjectConfigurationPlatforms) = postSolution
		{76C59BDC-936D-409E-A102-BDFE28E16AD8}.Debug|Any CPU.ActiveCfg = Debug|Any CPU
		{76C59BDC-936D-409E-A102-BDFE28E16AD8}.Debug|Any CPU.Build.0 = Debug|Any CPU
		{76C59BDC-936D-409E-A102-BDFE28E16AD8}.Release|Any CPU.ActiveCfg = Release|Any CPU
		{76C59BDC-936D-409E-A102-BDFE28E16AD8}.Release|Any CPU.Build.0 = Release|Any CPU
	EndGlobalSection
	GlobalSection(SolutionProperties) = preSolution
		HideSolutionNode = FALSE
	EndGlobalSection
	GlobalSection(ExtensibilityGlobals) = postSolution
		SolutionGuid = {787B41CD-EB45-4DA4-AB8C-79027089ED69}
	EndGlobalSection
EndGlobal
